{
  "name": "generate",
  "version": "1.1.2",
  "lockfileVersion": 1,
  "requires": true,
  "dependencies": {
    "argparse": {
      "version": "1.0.10",
      "resolved": "http://registry.npm.taobao.org/argparse/download/argparse-1.0.10.tgz",
      "integrity": "sha1-vNZ5HqWuCXJeF+WtmIE0zUCz2RE=",
      "requires": {
        "sprintf-js": "~1.0.2"
      }
    },
    "commander": {
      "version": "1.1.1",
      "resolved": "http://registry.npm.taobao.org/commander/download/commander-1.1.1.tgz",
      "integrity": "sha1-UNFlGGiuYOzP8KLZ80WVN2vGsEE=",
      "requires": {
        "keypress": "0.1.x"
      }
    },
    "esprima": {
      "version": "4.0.1",
      "resolved": "http://registry.npm.taobao.org/esprima/download/esprima-4.0.1.tgz",
      "integrity": "sha1-E7BM2z5sXRnfkatph6hpVhmwqnE="
    },
    "highlight.js": {
      "version": "9.14.2",
      "resolved": "http://registry.npm.taobao.org/highlight.js/download/highlight.js-9.14.2.tgz",
      "integrity": "sha1-77+yLccBQG5NpAYFbvjCtw6+WyY="
    },
    "js-yaml": {
      "version": "3.12.1",
      "resolved": "http://registry.npm.taobao.org/js-yaml/download/js-yaml-3.12.1.tgz",
      "integrity": "sha1-KVyGMqGKI+BUz1ydPOyv5ngWdgA=",
      "requires": {
        "argparse": "^1.0.7",
        "esprima": "^4.0.0"
      }
    },
    "keypress": {
      "version": "0.1.0",
      "resolved": "http://registry.npm.taobao.org/keypress/download/keypress-0.1.0.tgz",
      "integrity": "sha1-SjGI1CkbZrT2XtuZ+AaqmuKTWSo="
    },
    "marked": {
      "version": "0.6.0",
      "resolved": "http://registry.npm.taobao.org/marked/download/marked-0.6.0.tgz",
      "integrity": "sha1-oY0Bz9z40Vw8RVtxyDKeXg8B+qE="
    },
    "nan": {
      "version": "2.10.0",
      "resolved": "http://registry.npm.taobao.org/nan/download/nan-2.10.0.tgz",
      "integrity": "sha1-ltDNYQ69WNS03pzAxoKM2pnHVI8=",
      "optional": true
    },
    "nodejieba": {
      "version": "2.3.0",
      "resolved": "http://registry.npm.taobao.org/nodejieba/download/nodejieba-2.3.0.tgz",
      "integrity": "sha1-umk0uUnOSGxqV+TLffn0pfszNsQ=",
      "optional": true,
      "requires": {
        "nan": "~2.10.0"
      }
    },
    "object-assign": {
      "version": "4.1.1",
      "resolved": "http://registry.npm.taobao.org/object-assign/download/object-assign-4.1.1.tgz",
      "integrity": "sha1-IQmtx5ZYh8/AXLvUQsrIv7s2CGM="
    },
    "pinyin": {
      "version": "2.8.3",
      "resolved": "http://registry.npm.taobao.org/pinyin/download/pinyin-2.8.3.tgz",
      "integrity": "sha1-MBzLQ1jM/oAlI8S9ZAphK+5NfEs=",
      "requires": {
        "commander": "~1.1.1",
        "nodejieba": "^2.2.1",
        "object-assign": "^4.0.1"
      }
    },
    "prettier": {
      "version": "1.16.4",
      "resolved": "http://registry.npm.taobao.org/prettier/download/prettier-1.16.4.tgz",
      "integrity": "sha1-c+N+c+AYrS25x2dC4mR+IXkMlxc=",
      "dev": true
    },
    "sprintf-js": {
      "version": "1.0.3",
      "resolved": "http://registry.npm.taobao.org/sprintf-js/download/sprintf-js-1.0.3.tgz",
      "integrity": "sha1-BOaSb2YolTVPPdAVIDYzuFcpfiw="
    }
  }
}
